
Microsoft Visual Studio Solution File, Format Version 12.00
# Visual Studio 14
VisualStudioVersion = 14.0.25420.1
MinimumVisualStudioVersion = 10.0.40219.1
Project("{E24C65DC-7377-472B-9ABA-BC803B73C61A}") = "invoice", ".", "{E119E2D7-5C50-4A85-B18A-323DA3707CE1}"
	ProjectSection(WebsiteProperties) = preProject
		TargetFrameworkMoniker = ".NETFramework,Version%3Dv4.0"
		Debug.AspNetCompiler.VirtualPath = "/localhost_58211"
		Debug.AspNetCompiler.PhysicalPath = "..\invoice\"
		Debug.AspNetCompiler.TargetPath = "PrecompiledWeb\localhost_58211\"
		Debug.AspNetCompiler.Updateable = "true"
		Debug.AspNetCompiler.ForceOverwrite = "true"
		Debug.AspNetCompiler.FixedNames = "false"
		Debug.AspNetCompiler.Debug = "True"
		Release.AspNetCompiler.VirtualPath = "/localhost_58211"
		Release.AspNetCompiler.PhysicalPath = "..\invoice\"
		Release.AspNetCompiler.TargetPath = "PrecompiledWeb\localhost_58211\"
		Release.AspNetCompiler.Updateable = "true"
		Release.AspNetCompiler.ForceOverwrite = "true"
		Release.AspNetCompiler.FixedNames = "false"
		Release.AspNetCompiler.Debug = "False"
		VWDPort = "58211"
		SlnRelativePath = "..\invoice\"
	EndProjectSection
EndProject
Global
	GlobalSection(SolutionConfigurationPlatforms) = preSolution
		Debug|Any CPU = Debug|Any CPU
	EndGlobalSection
	GlobalSection(ProjectConfigurationPlatforms) = postSolution
		{E119E2D7-5C50-4A85-B18A-323DA3707CE1}.Debug|Any CPU.ActiveCfg = Debug|Any CPU
		{E119E2D7-5C50-4A85-B18A-323DA3707CE1}.Debug|Any CPU.Build.0 = Debug|Any CPU
	EndGlobalSection
	GlobalSection(SolutionProperties) = preSolution
		HideSolutionNode = FALSE
	EndGlobalSection
EndGlobal
